{
  "name": "post-zoid.dev",
  "version": "1.0.0",
  "lockfileVersion": 1,
  "requires": true,
  "dependencies": {
    "beaver-logger": {
      "version": "3.0.19",
      "resolved": "https://registry.npmjs.org/beaver-logger/-/beaver-logger-3.0.19.tgz",
      "integrity": "sha512-hfBwPUD8PeE6mFSTtWAYd/wI8AzaoeRGNIpWGZWJGZBLyl7Fb7n6PL33JujUzWKWDsIi9V3HoppqIyM/CeeSnw==",
      "requires": {
        "zalgo-promise": "^1.0.26"
      }
    },
    "belter": {
      "version": "1.0.120",
      "resolved": "https://registry.npmjs.org/belter/-/belter-1.0.120.tgz",
      "integrity": "sha512-n9y+gNmacueLY8+aR/AVu5KxqzoHlrgR5pr24n81KYlqzMsLlRJipi993HBiUgkX7g6W1Zt91DaPozaqbnyKKw==",
      "requires": {
        "cross-domain-safe-weakmap": "^1.0.20",
        "cross-domain-utils": "^2.0.10",
        "zalgo-promise": "^1.0.28"
      }
    },
    "cross-domain-safe-weakmap": {
      "version": "1.0.27",
      "resolved": "https://registry.npmjs.org/cross-domain-safe-weakmap/-/cross-domain-safe-weakmap-1.0.27.tgz",
      "integrity": "sha512-f5etDzszteeGh99Dzd7o72FGwd8rLGzgEv50Vk0r8mLzPdQEzcb7Vmx3PfKWD4k66Hp8vN0BLPuBmmMs4UxseQ==",
      "requires": {
        "cross-domain-utils": "^2.0.0"
      }
    },
    "cross-domain-utils": {
      "version": "2.0.32",
      "resolved": "https://registry.npmjs.org/cross-domain-utils/-/cross-domain-utils-2.0.32.tgz",
      "integrity": "sha512-3qwXBJxVuctEcH6jg0MkFCyIYq6ta+x1OVlCmBrtJxlPGtdRqn0zV4Z0SfZaxzX3QBLAeiwWS8FKPQZ5ihWPxw==",
      "requires": {
        "zalgo-promise": "^1.0.11"
      }
    },
    "hi-base32": {
      "version": "0.5.0",
      "resolved": "https://registry.npmjs.org/hi-base32/-/hi-base32-0.5.0.tgz",
      "integrity": "sha512-DDRmxSyoYuvjUb9EnXdoiMChBZ7ZcUVJsK5Frd3kqMhuBxvmZdnBeynAVfj7/ECbn++CekcoprvC/rprHPAtow=="
    },
    "post-robot": {
      "version": "8.0.31",
      "resolved": "https://registry.npmjs.org/post-robot/-/post-robot-8.0.31.tgz",
      "integrity": "sha512-nUhtKgtmcgyuPm4RnIhUB3gsDYJBHOgFry3TvOxhIHpgfwYY/T69d4oB90tw4YUllFZUUwqLEv1Wgyg6eOoJ7A==",
      "requires": {
        "cross-domain-safe-weakmap": "^1.0.1",
        "cross-domain-utils": "^2.0.0",
        "zalgo-promise": "^1.0.3"
      }
    },
    "zalgo-promise": {
      "version": "1.0.44",
      "resolved": "https://registry.npmjs.org/zalgo-promise/-/zalgo-promise-1.0.44.tgz",
      "integrity": "sha512-CSQ1xh0vVwgrohObNdysPANonBV+3yl1Xy+qrtMWBvb/a0D/2OUNqb0GJvaAgGtP/gQawtiQAFil2bGSq8aoMA=="
    },
    "zoid": {
      "version": "6.0.79",
      "resolved": "https://registry.npmjs.org/zoid/-/zoid-6.0.79.tgz",
      "integrity": "sha512-OEgbGFHRE1py2grN568gpsc6ELct+ldR5n2PMSXHm7PRMcSEPOr0BSBACx8l/O2R7At1ZQds7PYKTKnfxuy1Iw==",
      "requires": {
        "beaver-logger": "^3.0.17",
        "belter": "^1.0.77",
        "cross-domain-safe-weakmap": "^1.0.22",
        "cross-domain-utils": "^2.0.16",
        "hi-base32": "^0.5.0",
        "post-robot": "^8.0.29",
        "zalgo-promise": "^1.0.34"
      }
    }
  }
}
